
Microsoft Visual Studio Solution File, Format Version 12.00
# Visual Studio Version 16
VisualStudioVersion = 16.0.30804.86
MinimumVisualStudioVersion = 10.0.40219.1
Project("{FAE04EC0-301F-11D3-BF4B-00C04F79EFBC}") = "IntervalTimer", "IntervalTimer\IntervalTimer.csproj", "{52302255-6941-48C4-82CC-8C5A8932155E}"
EndProject
Global
	GlobalSection(SolutionConfigurationPlatforms) = preSolution
		Debug|Any CPU = Debug|Any CPU
		Debug|x64 = Debug|x64
		Release|Any CPU = Release|Any CPU
		Release|x64 = Release|x64
	EndGlobalSection
	GlobalSection(ProjectConfigurationPlatforms) = postSolution
		{52302255-6941-48C4-82CC-8C5A8932155E}.Debug|Any CPU.ActiveCfg = Debug|Any CPU
		{52302255-6941-48C4-82CC-8C5A8932155E}.Debug|Any CPU.Build.0 = Debug|Any CPU
		{52302255-6941-48C4-82CC-8C5A8932155E}.Debug|x64.ActiveCfg = Debug|x64
		{52302255-6941-48C4-82CC-8C5A8932155E}.Debug|x64.Build.0 = Debug|x64
		{52302255-6941-48C4-82CC-8C5A8932155E}.Release|Any CPU.ActiveCfg = Release|Any CPU
		{52302255-6941-48C4-82CC-8C5A8932155E}.Release|Any CPU.Build.0 = Release|Any CPU
		{52302255-6941-48C4-82CC-8C5A8932155E}.Release|x64.ActiveCfg = Release|x64
		{52302255-6941-48C4-82CC-8C5A8932155E}.Release|x64.Build.0 = Release|x64
	EndGlobalSection
	GlobalSection(SolutionProperties) = preSolution
		HideSolutionNode = FALSE
	EndGlobalSection
	GlobalSection(ExtensibilityGlobals) = postSolution
		SolutionGuid = {6372DD34-BE66-42D4-AD9C-6DF50ABD1860}
	EndGlobalSection
EndGlobal
